
Microsoft Visual Studio Solution File, Format Version 12.00
# Visual Studio Version 17
VisualStudioVersion = 17.4.33403.182
MinimumVisualStudioVersion = 10.0.40219.1
Project("{FAE04EC0-301F-11D3-BF4B-00C04F79EFBC}") = "VectorizeCommon", "VectorizeCommon\VectorizeCommon.csproj", "{022C39F5-68D8-458E-8AB7-FC805BE6D567}"
EndProject
Project("{FAE04EC0-301F-11D3-BF4B-00C04F79EFBC}") = "Vectorize", "Vectorize\Vectorize.csproj", "{4C63F2BE-7C08-4C8B-8186-A24D29C69BCD}"
EndProject
Project("{8BC9CEB8-8B4A-11D0-8D11-00A0C91BC942}") = "VectorizeLib", "VectorizeLib\VectorizeLib.vcxproj", "{FD775769-8622-41BA-95CE-7F24BCC0ED45}"
EndProject
Project("{FAE04EC0-301F-11D3-BF4B-00C04F79EFBC}") = "VectorizeGh", "VectorizeGh\VectorizeGh.csproj", "{8E0714A8-6570-4002-A7FC-7EC006D8C240}"
EndProject
Global
	GlobalSection(SolutionConfigurationPlatforms) = preSolution
		Debug|x64 = Debug|x64
		Release|x64 = Release|x64
	EndGlobalSection
	GlobalSection(ProjectConfigurationPlatforms) = postSolution
		{022C39F5-68D8-458E-8AB7-FC805BE6D567}.Debug|x64.ActiveCfg = Debug|Any CPU
		{022C39F5-68D8-458E-8AB7-FC805BE6D567}.Debug|x64.Build.0 = Debug|Any CPU
		{022C39F5-68D8-458E-8AB7-FC805BE6D567}.Release|x64.ActiveCfg = Release|Any CPU
		{022C39F5-68D8-458E-8AB7-FC805BE6D567}.Release|x64.Build.0 = Release|Any CPU
		{4C63F2BE-7C08-4C8B-8186-A24D29C69BCD}.Debug|x64.ActiveCfg = Debug|Any CPU
		{4C63F2BE-7C08-4C8B-8186-A24D29C69BCD}.Debug|x64.Build.0 = Debug|Any CPU
		{4C63F2BE-7C08-4C8B-8186-A24D29C69BCD}.Release|x64.ActiveCfg = Release|Any CPU
		{4C63F2BE-7C08-4C8B-8186-A24D29C69BCD}.Release|x64.Build.0 = Release|Any CPU
		{FD775769-8622-41BA-95CE-7F24BCC0ED45}.Debug|x64.ActiveCfg = Debug|x64
		{FD775769-8622-41BA-95CE-7F24BCC0ED45}.Debug|x64.Build.0 = Debug|x64
		{FD775769-8622-41BA-95CE-7F24BCC0ED45}.Release|x64.ActiveCfg = Release|x64
		{FD775769-8622-41BA-95CE-7F24BCC0ED45}.Release|x64.Build.0 = Release|x64
		{8E0714A8-6570-4002-A7FC-7EC006D8C240}.Debug|x64.ActiveCfg = Debug|Any CPU
		{8E0714A8-6570-4002-A7FC-7EC006D8C240}.Debug|x64.Build.0 = Debug|Any CPU
		{8E0714A8-6570-4002-A7FC-7EC006D8C240}.Release|x64.ActiveCfg = Release|Any CPU
		{8E0714A8-6570-4002-A7FC-7EC006D8C240}.Release|x64.Build.0 = Release|Any CPU
	EndGlobalSection
	GlobalSection(SolutionProperties) = preSolution
		HideSolutionNode = FALSE
	EndGlobalSection
	GlobalSection(ExtensibilityGlobals) = postSolution
		SolutionGuid = {16D944DF-82FA-4DFF-821F-5056FA80E730}
	EndGlobalSection
EndGlobal
